
Microsoft Visual Studio Solution File, Format Version 12.00
# Visual Studio 15
VisualStudioVersion = 15.0.28307.1062
MinimumVisualStudioVersion = 10.0.40219.1
Project("{FAE04EC0-301F-11D3-BF4B-00C04F79EFBC}") = "VanDerWaerden", "VanDerWaerden\VanDerWaerden.csproj", "{90111566-B0F2-4198-9E64-B1800A59C8AE}"
EndProject
Project("{FAE04EC0-301F-11D3-BF4B-00C04F79EFBC}") = "Connect4", "..\..\..\sem1\Connect4\Connect4\Connect4.csproj", "{B03505FA-45F6-4CAE-A17C-DEABBCA17A8E}"
EndProject
Global
	GlobalSection(SolutionConfigurationPlatforms) = preSolution
		Debug|Any CPU = Debug|Any CPU
		Release|Any CPU = Release|Any CPU
	EndGlobalSection
	GlobalSection(ProjectConfigurationPlatforms) = postSolution
		{90111566-B0F2-4198-9E64-B1800A59C8AE}.Debug|Any CPU.ActiveCfg = Debug|Any CPU
		{90111566-B0F2-4198-9E64-B1800A59C8AE}.Debug|Any CPU.Build.0 = Debug|Any CPU
		{90111566-B0F2-4198-9E64-B1800A59C8AE}.Release|Any CPU.ActiveCfg = Release|Any CPU
		{90111566-B0F2-4198-9E64-B1800A59C8AE}.Release|Any CPU.Build.0 = Release|Any CPU
		{B03505FA-45F6-4CAE-A17C-DEABBCA17A8E}.Debug|Any CPU.ActiveCfg = Debug|Any CPU
		{B03505FA-45F6-4CAE-A17C-DEABBCA17A8E}.Debug|Any CPU.Build.0 = Debug|Any CPU
		{B03505FA-45F6-4CAE-A17C-DEABBCA17A8E}.Release|Any CPU.ActiveCfg = Release|Any CPU
		{B03505FA-45F6-4CAE-A17C-DEABBCA17A8E}.Release|Any CPU.Build.0 = Release|Any CPU
	EndGlobalSection
	GlobalSection(SolutionProperties) = preSolution
		HideSolutionNode = FALSE
	EndGlobalSection
	GlobalSection(ExtensibilityGlobals) = postSolution
		SolutionGuid = {1C0332DB-BF66-4BF3-8D79-AA4FD7D9C92B}
	EndGlobalSection
EndGlobal
